# This file is generated by running "yarn install" inside your project.
# Manual changes might be lost - proceed with caution!

__metadata:
  version: 6
  cacheKey: 8

"marked@npm:^2.1.3":
  version: 2.1.3
  resolution: "marked@npm:2.1.3"
  bin:
    marked: bin/marked
  checksum: 21a5ecd4941bc760aba21dfd97185853ec3b464cf707ad971e3ddb3aeb2f44d0deeb36b0889932afdb6f734975a994d92f18815dd0fabadbd902bdaff997cc5b
  languageName: node
  linkType: hard

"root-workspace-0b6124@workspace:.":
  version: 0.0.0-use.local
  resolution: "root-workspace-0b6124@workspace:."
  dependencies:
    marked: ^2.1.3
    uni-read-pages: ^1.0.5
    uni-simple-router: ^2.0.7
  languageName: unknown
  linkType: soft

"uni-read-pages@npm:^1.0.5":
  version: 1.0.5
  resolution: "uni-read-pages@npm:1.0.5"
  checksum: 9fe2347457868859def073a5769c94f72b83eb8fe75b175ebf8380e2f0c849babadf94593d740984b29466ce986bac8a8e53968e1c3951d804ec8cb5234b69b8
  languageName: node
  linkType: hard

"uni-simple-router@npm:^2.0.7":
  version: 2.0.7
  resolution: "uni-simple-router@npm:2.0.7"
  checksum: e96e51e2f668e7759127e086c41ab708f2ab6faa7eee783c5b22deb51ae8aba346b0f36edbc3c0aae0c693d8652b79fd1428aad19fb85d390d8227f52e537af9
  languageName: node
  linkType: hard
